hash: 4a6c8d726ffa1cd1835d53e71e5235ff21c2e211ced41f2dc894f459e13c8fa3
updated: 2016-04-24T22:22:25.079143096-04:00
imports:
- name: github.com/auroralaboratories/go-webkit2
  version: 0ba733ecd6517a1e332e3b6552f877d9c2a16caf
  subpackages:
  - webkit2
- name: github.com/BurntSushi/xgb
  version: 0ba733ecd6517a1e332e3b6552f877d9c2a16caf
  subpackages:
  - xproto
  - xinerama
  - shape
- name: github.com/BurntSushi/xgbutil
  version: 0ba733ecd6517a1e332e3b6552f877d9c2a16caf
  subpackages:
  - ewmh
  - xevent
  - xprop
- name: github.com/cloudfoundry-incubator/candiedyaml
  version: 0ba733ecd6517a1e332e3b6552f877d9c2a16caf
- name: github.com/codegangsta/cli
  version: 0ba733ecd6517a1e332e3b6552f877d9c2a16caf
- name: github.com/codegangsta/negroni
  version: 0ba733ecd6517a1e332e3b6552f877d9c2a16caf
- name: github.com/flosch/pongo2
  version: 0ba733ecd6517a1e332e3b6552f877d9c2a16caf
- name: github.com/ghetzel/diecast
  version: 0ba733ecd6517a1e332e3b6552f877d9c2a16caf
  subpackages:
  - diecast
  - diecast/engines
  - diecast/engines/mustache
  - diecast/engines/pongo
  - diecast/util
- name: github.com/ghodss/yaml
  version: 0ba733ecd6517a1e332e3b6552f877d9c2a16caf
- name: github.com/gotk3/gotk3
  version: 0ba733ecd6517a1e332e3b6552f877d9c2a16caf
  subpackages:
  - cairo
  - gdk
  - glib
  - gtk
  - pango
- name: github.com/hoisie/mustache
  version: 0ba733ecd6517a1e332e3b6552f877d9c2a16caf
- name: github.com/julienschmidt/httprouter
  version: 0ba733ecd6517a1e332e3b6552f877d9c2a16caf
- name: github.com/satori/go.uuid
  version: 0ba733ecd6517a1e332e3b6552f877d9c2a16caf
- name: github.com/shutterstock/go-stockutil
  version: 0ba733ecd6517a1e332e3b6552f877d9c2a16caf
  subpackages:
  - sliceutil
  - stringutil
- name: github.com/Sirupsen/logrus
  version: 0ba733ecd6517a1e332e3b6552f877d9c2a16caf
- name: github.com/sqs/gojs
  version: 0ba733ecd6517a1e332e3b6552f877d9c2a16caf
- name: golang.org/x/sys
  version: 0ba733ecd6517a1e332e3b6552f877d9c2a16caf
  subpackages:
  - unix
devImports: []
